// !$*UTF8*$!
{
	archiveVersion = 1;
	classes = {
	};
	objectVersion = 51;
	objects = {

/* Begin PBXBuildFile section */
		57CA32033477D3F373463803 /* Pods_ExampleAPITests.framework in Frameworks */ = {isa = PBXBuildFile; fileRef = 1C7AB38AB3094E986E5CFAA0 /* Pods_ExampleAPITests.framework */; };
		9D0CBA532628E5480016DA91 /* CoinTableViewCell.swift in Sources */ = {isa = PBXBuildFile; fileRef = 9D0CBA512628E5480016DA91 /* CoinTableViewCell.swift */; };
		9D0CBA542628E5480016DA91 /* CoinTableViewCell.xib in Resources */ = {isa = PBXBuildFile; fileRef = 9D0CBA522628E5480016DA91 /* CoinTableViewCell.xib */; };
		9D78D5532628973A00DACF44 /* AppDelegate.swift in Sources */ = {isa = PBXBuildFile; fileRef = 9D78D5522628973A00DACF44 /* AppDelegate.swift */; };
		9D78D5552628973A00DACF44 /* SceneDelegate.swift in Sources */ = {isa = PBXBuildFile; fileRef = 9D78D5542628973A00DACF44 /* SceneDelegate.swift */; };
		9D78D5572628973A00DACF44 /* ViewController.swift in Sources */ = {isa = PBXBuildFile; fileRef = 9D78D5562628973A00DACF44 /* ViewController.swift */; };
		9D78D55A2628973A00DACF44 /* Main.storyboard in Resources */ = {isa = PBXBuildFile; fileRef = 9D78D5582628973A00DACF44 /* Main.storyboard */; };
		9D78D55D2628973A00DACF44 /* ExampleAPI.xcdatamodeld in Sources */ = {isa = PBXBuildFile; fileRef = 9D78D55B2628973A00DACF44 /* ExampleAPI.xcdatamodeld */; };
		9D78D55F2628973E00DACF44 /* Assets.xcassets in Resources */ = {isa = PBXBuildFile; fileRef = 9D78D55E2628973E00DACF44 /* Assets.xcassets */; };
		9D78D5622628973E00DACF44 /* LaunchScreen.storyboard in Resources */ = {isa = PBXBuildFile; fileRef = 9D78D5602628973E00DACF44 /* LaunchScreen.storyboard */; };
		9D78D56D2628973E00DACF44 /* ExampleAPITests.swift in Sources */ = {isa = PBXBuildFile; fileRef = 9D78D56C2628973E00DACF44 /* ExampleAPITests.swift */; };
		9D78D5782628973E00DACF44 /* ExampleAPIUITests.swift in Sources */ = {isa = PBXBuildFile; fileRef = 9D78D5772628973E00DACF44 /* ExampleAPIUITests.swift */; };
		A95316565779A5574B2DAB03 /* Pods_ExampleAPI.framework in Frameworks */ = {isa = PBXBuildFile; fileRef = D147E3EFA15AC5661A96F9CF /* Pods_ExampleAPI.framework */; };
		F70D501C4BC4DC4242CD9228 /* Pods_ExampleAPI_ExampleAPIUITests.framework in Frameworks */ = {isa = PBXBuildFile; fileRef = 5FE5B6AACB70ED050B81AC18 /* Pods_ExampleAPI_ExampleAPIUITests.framework */; };
/* End PBXBuildFile section */

/* Begin PBXContainerItemProxy section */
		9D78D5692628973E00DACF44 /* PBXContainerItemProxy */ = {
			isa = PBXContainerItemProxy;
			containerPortal = 9D78D5472628973A00DACF44 /* Project object */;
			proxyType = 1;
			remoteGlobalIDString = 9D78D54E2628973A00DACF44;
			remoteInfo = ExampleAPI;
		};
		9D78D5742628973E00DACF44 /* PBXContainerItemProxy */ = {
			isa = PBXContainerItemProxy;
			containerPortal = 9D78D5472628973A00DACF44 /* Project object */;
			proxyType = 1;
			remoteGlobalIDString = 9D78D54E2628973A00DACF44;
			remoteInfo = ExampleAPI;
		};
/* End PBXContainerItemProxy section */

/* Begin PBXFileReference section */
		1C7AB38AB3094E986E5CFAA0 /* Pods_ExampleAPITests.framework */ = {isa = PBXFileReference; explicitFileType = wrapper.framework; includeInIndex = 0; path = Pods_ExampleAPITests.framework; sourceTree = BUILT_PRODUCTS_DIR; };
		349826C29C8F97A89C31314E /* Pods-ExampleAPI.release.xcconfig */ = {isa = PBXFileReference; includeInIndex = 1; lastKnownFileType = text.xcconfig; name = "Pods-ExampleAPI.release.xcconfig"; path = "Target Support Files/Pods-ExampleAPI/Pods-ExampleAPI.release.xcconfig"; sourceTree = "<group>"; };
		5F5F794C644741454CB5F056 /* Pods-ExampleAPITests.release.xcconfig */ = {isa = PBXFileReference; includeInIndex = 1; lastKnownFileType = text.xcconfig; name = "Pods-ExampleAPITests.release.xcconfig"; path = "Target Support Files/Pods-ExampleAPITests/Pods-ExampleAPITests.release.xcconfig"; sourceTree = "<group>"; };
		5FE5B6AACB70ED050B81AC18 /* Pods_ExampleAPI_ExampleAPIUITests.framework */ = {isa = PBXFileReference; explicitFileType = wrapper.framework; includeInIndex = 0; path = Pods_ExampleAPI_ExampleAPIUITests.framework; sourceTree = BUILT_PRODUCTS_DIR; };
		6D75ED44EA2DD7322A0D13B0 /* Pods-ExampleAPI.debug.xcconfig */ = {isa = PBXFileReference; includeInIndex = 1; lastKnownFileType = text.xcconfig; name = "Pods-ExampleAPI.debug.xcconfig"; path = "Target Support Files/Pods-ExampleAPI/Pods-ExampleAPI.debug.xcconfig"; sourceTree = "<group>"; };
		9691D3FC73ECCD1B924A8E1A /* Pods-ExampleAPI-ExampleAPIUITests.release.xcconfig */ = {isa = PBXFileReference; includeInIndex = 1; lastKnownFileType = text.xcconfig; name = "Pods-ExampleAPI-ExampleAPIUITests.release.xcconfig"; path = "Target Support Files/Pods-ExampleAPI-ExampleAPIUITests/Pods-ExampleAPI-ExampleAPIUITests.release.xcconfig"; sourceTree = "<group>"; };
		9D0CBA512628E5480016DA91 /* CoinTableViewCell.swift */ = {isa = PBXFileReference; lastKnownFileType = sourcecode.swift; path = CoinTableViewCell.swift; sourceTree = "<group>"; };
		9D0CBA522628E5480016DA91 /* CoinTableViewCell.xib */ = {isa = PBXFileReference; lastKnownFileType = file.xib; path = CoinTableViewCell.xib; sourceTree = "<group>"; };
		9D78D54F2628973A00DACF44 /* ExampleAPI.app */ = {isa = PBXFileReference; explicitFileType = wrapper.application; includeInIndex = 0; path = ExampleAPI.app; sourceTree = BUILT_PRODUCTS_DIR; };
		9D78D5522628973A00DACF44 /* AppDelegate.swift */ = {isa = PBXFileReference; lastKnownFileType = sourcecode.swift; path = AppDelegate.swift; sourceTree = "<group>"; };
		9D78D5542628973A00DACF44 /* SceneDelegate.swift */ = {isa = PBXFileReference; lastKnownFileType = sourcecode.swift; path = SceneDelegate.swift; sourceTree = "<group>"; };
		9D78D5562628973A00DACF44 /* ViewController.swift */ = {isa = PBXFileReference; lastKnownFileType = sourcecode.swift; path = ViewController.swift; sourceTree = "<group>"; };
		9D78D5592628973A00DACF44 /* Base */ = {isa = PBXFileReference; lastKnownFileType = file.storyboard; name = Base; path = Base.lproj/Main.storyboard; sourceTree = "<group>"; };
		9D78D55C2628973A00DACF44 /* ExampleAPI.xcdatamodel */ = {isa = PBXFileReference; lastKnownFileType = wrapper.xcdatamodel; path = ExampleAPI.xcdatamodel; sourceTree = "<group>"; };
		9D78D55E2628973E00DACF44 /* Assets.xcassets */ = {isa = PBXFileReference; lastKnownFileType = folder.assetcatalog; path = Assets.xcassets; sourceTree = "<group>"; };
		9D78D5612628973E00DACF44 /* Base */ = {isa = PBXFileReference; lastKnownFileType = file.storyboard; name = Base; path = Base.lproj/LaunchScreen.storyboard; sourceTree = "<group>"; };
		9D78D5632628973E00DACF44 /* Info.plist */ = {isa = PBXFileReference; lastKnownFileType = text.plist.xml; path = Info.plist; sourceTree = "<group>"; };
		9D78D5682628973E00DACF44 /* ExampleAPITests.xctest */ = {isa = PBXFileReference; explicitFileType = wrapper.cfbundle; includeInIndex = 0; path = ExampleAPITests.xctest; sourceTree = BUILT_PRODUCTS_DIR; };
		9D78D56C2628973E00DACF44 /* ExampleAPITests.swift */ = {isa = PBXFileReference; lastKnownFileType = sourcecode.swift; path = ExampleAPITests.swift; sourceTree = "<group>"; };
		9D78D56E2628973E00DACF44 /* Info.plist */ = {isa = PBXFileReference; lastKnownFileType = text.plist.xml; path = Info.plist; sourceTree = "<group>"; };
		9D78D5732628973E00DACF44 /* ExampleAPIUITests.xctest */ = {isa = PBXFileReference; explicitFileType = wrapper.cfbundle; includeInIndex = 0; path = ExampleAPIUITests.xctest; sourceTree = BUILT_PRODUCTS_DIR; };
		9D78D5772628973E00DACF44 /* ExampleAPIUITests.swift */ = {isa = PBXFileReference; lastKnownFileType = sourcecode.swift; path = ExampleAPIUITests.swift; sourceTree = "<group>"; };
		9D78D5792628973E00DACF44 /* Info.plist */ = {isa = PBXFileReference; lastKnownFileType = text.plist.xml; path = Info.plist; sourceTree = "<group>"; };
		D147E3EFA15AC5661A96F9CF /* Pods_ExampleAPI.framework */ = {isa = PBXFileReference; explicitFileType = wrapper.framework; includeInIndex = 0; path = Pods_ExampleAPI.framework; sourceTree = BUILT_PRODUCTS_DIR; };
		DB1BCD63D8A361692C44D156 /* Pods-ExampleAPITests.debug.xcconfig */ = {isa = PBXFileReference; includeInIndex = 1; lastKnownFileType = text.xcconfig; name = "Pods-ExampleAPITests.debug.xcconfig"; path = "Target Support Files/Pods-ExampleAPITests/Pods-ExampleAPITests.debug.xcconfig"; sourceTree = "<group>"; };
		E4973D1AF839F50692D94356 /* Pods-ExampleAPI-ExampleAPIUITests.debug.xcconfig */ = {isa = PBXFileReference; includeInIndex = 1; lastKnownFileType = text.xcconfig; name = "Pods-ExampleAPI-ExampleAPIUITests.debug.xcconfig"; path = "Target Support Files/Pods-ExampleAPI-ExampleAPIUITests/Pods-ExampleAPI-ExampleAPIUITests.debug.xcconfig"; sourceTree = "<group>"; };
/* End PBXFileReference section */

/* Begin PBXFrameworksBuildPhase section */
		9D78D54C2628973A00DACF44 /* Frameworks */ = {
			isa = PBXFrameworksBuildPhase;
			buildActionMask = 2147483647;
			files = (
				A95316565779A5574B2DAB03 /* Pods_ExampleAPI.framework in Frameworks */,
			);
			runOnlyForDeploymentPostprocessing = 0;
		};
		9D78D5652628973E00DACF44 /* Frameworks */ = {
			isa = PBXFrameworksBuildPhase;
			buildActionMask = 2147483647;
			files = (
				57CA32033477D3F373463803 /* Pods_ExampleAPITests.framework in Frameworks */,
			);
			runOnlyForDeploymentPostprocessing = 0;
		};
		9D78D5702628973E00DACF44 /* Frameworks */ = {
			isa = PBXFrameworksBuildPhase;
			buildActionMask = 2147483647;
			files = (
				F70D501C4BC4DC4242CD9228 /* Pods_ExampleAPI_ExampleAPIUITests.framework in Frameworks */,
			);
			runOnlyForDeploymentPostprocessing = 0;
		};
/* End PBXFrameworksBuildPhase section */

/* Begin PBXGroup section */
		2B35ECC47F9D9EFAFF4E7B6A /* Pods */ = {
			isa = PBXGroup;
			children = (
				6D75ED44EA2DD7322A0D13B0 /* Pods-ExampleAPI.debug.xcconfig */,
				349826C29C8F97A89C31314E /* Pods-ExampleAPI.release.xcconfig */,
				E4973D1AF839F50692D94356 /* Pods-ExampleAPI-ExampleAPIUITests.debug.xcconfig */,
				9691D3FC73ECCD1B924A8E1A /* Pods-ExampleAPI-ExampleAPIUITests.release.xcconfig */,
				DB1BCD63D8A361692C44D156 /* Pods-ExampleAPITests.debug.xcconfig */,
				5F5F794C644741454CB5F056 /* Pods-ExampleAPITests.release.xcconfig */,
			);
			path = Pods;
			sourceTree = "<group>";
		};
		9D78D5462628973A00DACF44 = {
			isa = PBXGroup;
			children = (
				9D78D5512628973A00DACF44 /* ExampleAPI */,
				9D78D56B2628973E00DACF44 /* ExampleAPITests */,
				9D78D5762628973E00DACF44 /* ExampleAPIUITests */,
				9D78D5502628973A00DACF44 /* Products */,
				2B35ECC47F9D9EFAFF4E7B6A /* Pods */,
				CB2A9597B46FFADA9AD80E8E /* Frameworks */,
			);
			sourceTree = "<group>";
		};
		9D78D5502628973A00DACF44 /* Products */ = {
			isa = PBXGroup;
			children = (
				9D78D54F2628973A00DACF44 /* ExampleAPI.app */,
				9D78D5682628973E00DACF44 /* ExampleAPITests.xctest */,
				9D78D5732628973E00DACF44 /* ExampleAPIUITests.xctest */,
			);
			name = Products;
			sourceTree = "<group>";
		};
		9D78D5512628973A00DACF44 /* ExampleAPI */ = {
			isa = PBXGroup;
			children = (
				9D78D5522628973A00DACF44 /* AppDelegate.swift */,
				9D78D5542628973A00DACF44 /* SceneDelegate.swift */,
				9D78D5562628973A00DACF44 /* ViewController.swift */,
				9D78D5582628973A00DACF44 /* Main.storyboard */,
				9D78D55E2628973E00DACF44 /* Assets.xcassets */,
				9D78D5602628973E00DACF44 /* LaunchScreen.storyboard */,
				9D78D5632628973E00DACF44 /* Info.plist */,
				9D78D55B2628973A00DACF44 /* ExampleAPI.xcdatamodeld */,
				9D0CBA512628E5480016DA91 /* CoinTableViewCell.swift */,
				9D0CBA522628E5480016DA91 /* CoinTableViewCell.xib */,
			);
			path = ExampleAPI;
			sourceTree = "<group>";
		};
		9D78D56B2628973E00DACF44 /* ExampleAPITests */ = {
			isa = PBXGroup;
			children = (
				9D78D56C2628973E00DACF44 /* ExampleAPITests.swift */,
				9D78D56E2628973E00DACF44 /* Info.plist */,
			);
			path = ExampleAPITests;
			sourceTree = "<group>";
		};
		9D78D5762628973E00DACF44 /* ExampleAPIUITests */ = {
			isa = PBXGroup;
			children = (
				9D78D5772628973E00DACF44 /* ExampleAPIUITests.swift */,
				9D78D5792628973E00DACF44 /* Info.plist */,
			);
			path = ExampleAPIUITests;
			sourceTree = "<group>";
		};
		CB2A9597B46FFADA9AD80E8E /* Frameworks */ = {
			isa = PBXGroup;
			children = (
				D147E3EFA15AC5661A96F9CF /* Pods_ExampleAPI.framework */,
				5FE5B6AACB70ED050B81AC18 /* Pods_ExampleAPI_ExampleAPIUITests.framework */,
				1C7AB38AB3094E986E5CFAA0 /* Pods_ExampleAPITests.framework */,
			);
			name = Frameworks;
			sourceTree = "<group>";
		};
/* End PBXGroup section */

/* Begin PBXNativeTarget section */
		9D78D54E2628973A00DACF44 /* ExampleAPI */ = {
			isa = PBXNativeTarget;
			buildConfigurationList = 9D78D57C2628973E00DACF44 /* Build configuration list for PBXNativeTarget "ExampleAPI" */;
			buildPhases = (
				B416042F376EEA3C80860012 /* [CP] Check Pods Manifest.lock */,
				9D78D54B2628973A00DACF44 /* Sources */,
				9D78D54C2628973A00DACF44 /* Frameworks */,
				9D78D54D2628973A00DACF44 /* Resources */,
				AFC104A62F3A92A473B32AFF /* [CP] Embed Pods Frameworks */,
			);
			buildRules = (
			);
			dependencies = (
			);
			name = ExampleAPI;
			productName = ExampleAPI;
			productReference = 9D78D54F2628973A00DACF44 /* ExampleAPI.app */;
			productType = "com.apple.product-type.application";
		};
		9D78D5672628973E00DACF44 /* ExampleAPITests */ = {
			isa = PBXNativeTarget;
			buildConfigurationList = 9D78D57F2628973E00DACF44 /* Build configuration list for PBXNativeTarget "ExampleAPITests" */;
			buildPhases = (
				A96885F12C2FE96D59EADDE0 /* [CP] Check Pods Manifest.lock */,
				9D78D5642628973E00DACF44 /* Sources */,
				9D78D5652628973E00DACF44 /* Frameworks */,
				9D78D5662628973E00DACF44 /* Resources */,
			);
			buildRules = (
			);
			dependencies = (
				9D78D56A2628973E00DACF44 /* PBXTargetDependency */,
			);
			name = ExampleAPITests;
			productName = ExampleAPITests;
			productReference = 9D78D5682628973E00DACF44 /* ExampleAPITests.xctest */;
			productType = "com.apple.product-type.bundle.unit-test";
		};
		9D78D5722628973E00DACF44 /* ExampleAPIUITests */ = {
			isa = PBXNativeTarget;
			buildConfigurationList = 9D78D5822628973E00DACF44 /* Build configuration list for PBXNativeTarget "ExampleAPIUITests" */;
			buildPhases = (
				88888F4FAF43324AEF15B5EC /* [CP] Check Pods Manifest.lock */,
				9D78D56F2628973E00DACF44 /* Sources */,
				9D78D5702628973E00DACF44 /* Frameworks */,
				9D78D5712628973E00DACF44 /* Resources */,
				04DAAC95C3B3070042983DD1 /* [CP] Embed Pods Frameworks */,
			);
			buildRules = (
			);
			dependencies = (
				9D78D5752628973E00DACF44 /* PBXTargetDependency */,
			);
			name = ExampleAPIUITests;
			productName = ExampleAPIUITests;
			productReference = 9D78D5732628973E00DACF44 /* ExampleAPIUITests.xctest */;
			productType = "com.apple.product-type.bundle.ui-testing";
		};
/* End PBXNativeTarget section */

/* Begin PBXProject section */
		9D78D5472628973A00DACF44 /* Project object */ = {
			isa = PBXProject;
			attributes = {
				LastSwiftUpdateCheck = 1240;
				LastUpgradeCheck = 1240;
				TargetAttributes = {
					9D78D54E2628973A00DACF44 = {
						CreatedOnToolsVersion = 12.4;
					};
					9D78D5672628973E00DACF44 = {
						CreatedOnToolsVersion = 12.4;
						TestTargetID = 9D78D54E2628973A00DACF44;
					};
					9D78D5722628973E00DACF44 = {
						CreatedOnToolsVersion = 12.4;
						TestTargetID = 9D78D54E2628973A00DACF44;
					};
				};
			};
			buildConfigurationList = 9D78D54A2628973A00DACF44 /* Build configuration list for PBXProject "ExampleAPI" */;
			compatibilityVersion = "Xcode 9.3";
			developmentRegion = en;
			hasScannedForEncodings = 0;
			knownRegions = (
				en,
				Base,
			);
			mainGroup = 9D78D5462628973A00DACF44;
			productRefGroup = 9D78D5502628973A00DACF44 /* Products */;
			projectDirPath = "";
			projectRoot = "";
			targets = (
				9D78D54E2628973A00DACF44 /* ExampleAPI */,
				9D78D5672628973E00DACF44 /* ExampleAPITests */,
				9D78D5722628973E00DACF44 /* ExampleAPIUITests */,
			);
		};
/* End PBXProject section */

/* Begin PBXResourcesBuildPhase section */
		9D78D54D2628973A00DACF44 /* Resources */ = {
			isa = PBXResourcesBuildPhase;
			buildActionMask = 2147483647;
			files = (
				9D78D5622628973E00DACF44 /* LaunchScreen.storyboard in Resources */,
				9D78D55F2628973E00DACF44 /* Assets.xcassets in Resources */,
				9D0CBA542628E5480016DA91 /* CoinTableViewCell.xib in Resources */,
				9D78D55A2628973A00DACF44 /* Main.storyboard in Resources */,
			);
			runOnlyForDeploymentPostprocessing = 0;
		};
		9D78D5662628973E00DACF44 /* Resources */ = {
			isa = PBXResourcesBuildPhase;
			buildActionMask = 2147483647;
			files = (
			);
			runOnlyForDeploymentPostprocessing = 0;
		};
		9D78D5712628973E00DACF44 /* Resources */ = {
			isa = PBXResourcesBuildPhase;
			buildActionMask = 2147483647;
			files = (
			);
			runOnlyForDeploymentPostprocessing = 0;
		};
/* End PBXResourcesBuildPhase section */

/* Begin PBXShellScriptBuildPhase section */
		04DAAC95C3B3070042983DD1 /* [CP] Embed Pods Frameworks */ = {
			isa = PBXShellScriptBuildPhase;
			buildActionMask = 2147483647;
			files = (
			);
			inputFileListPaths = (
				"${PODS_ROOT}/Target Support Files/Pods-ExampleAPI-ExampleAPIUITests/Pods-ExampleAPI-ExampleAPIUITests-frameworks-${CONFIGURATION}-input-files.xcfilelist",
			);
			name = "[CP] Embed Pods Frameworks";
			outputFileListPaths = (
				"${PODS_ROOT}/Target Support Files/Pods-ExampleAPI-ExampleAPIUITests/Pods-ExampleAPI-ExampleAPIUITests-frameworks-${CONFIGURATION}-output-files.xcfilelist",
			);
			runOnlyForDeploymentPostprocessing = 0;
			shellPath = /bin/sh;
			shellScript = "\"${PODS_ROOT}/Target Support Files/Pods-ExampleAPI-ExampleAPIUITests/Pods-ExampleAPI-ExampleAPIUITests-frameworks.sh\"\n";
			showEnvVarsInLog = 0;
		};
		88888F4FAF43324AEF15B5EC /* [CP] Check Pods Manifest.lock */ = {
			isa = PBXShellScriptBuildPhase;
			buildActionMask = 2147483647;
			files = (
			);
			inputFileListPaths = (
			);
			inputPaths = (
				"${PODS_PODFILE_DIR_PATH}/Podfile.lock",
				"${PODS_ROOT}/Manifest.lock",
			);
			name = "[CP] Check Pods Manifest.lock";
			outputFileListPaths = (
			);
			outputPaths = (
				"$(DERIVED_FILE_DIR)/Pods-ExampleAPI-ExampleAPIUITests-checkManifestLockResult.txt",
			);
			runOnlyForDeploymentPostprocessing = 0;
			shellPath = /bin/sh;
			shellScript = "diff \"${PODS_PODFILE_DIR_PATH}/Podfile.lock\" \"${PODS_ROOT}/Manifest.lock\" > /dev/null\nif [ $? != 0 ] ; then\n    # print error to STDERR\n    echo \"error: The sandbox is not in sync with the Podfile.lock. Run 'pod install' or update your CocoaPods installation.\" >&2\n    exit 1\nfi\n# This output is used by Xcode 'outputs' to avoid re-running this script phase.\necho \"SUCCESS\" > \"${SCRIPT_OUTPUT_FILE_0}\"\n";
			showEnvVarsInLog = 0;
		};
		A96885F12C2FE96D59EADDE0 /* [CP] Check Pods Manifest.lock */ = {
			isa = PBXShellScriptBuildPhase;
			buildActionMask = 2147483647;
			files = (
			);
			inputFileListPaths = (
			);
			inputPaths = (
				"${PODS_PODFILE_DIR_PATH}/Podfile.lock",
				"${PODS_ROOT}/Manifest.lock",
			);
			name = "[CP] Check Pods Manifest.lock";
			outputFileListPaths = (
			);
			outputPaths = (
				"$(DERIVED_FILE_DIR)/Pods-ExampleAPITests-checkManifestLockResult.txt",
			);
			runOnlyForDeploymentPostprocessing = 0;
			shellPath = /bin/sh;
			shellScript = "diff \"${PODS_PODFILE_DIR_PATH}/Podfile.lock\" \"${PODS_ROOT}/Manifest.lock\" > /dev/null\nif [ $? != 0 ] ; then\n    # print error to STDERR\n    echo \"error: The sandbox is not in sync with the Podfile.lock. Run 'pod install' or update your CocoaPods installation.\" >&2\n    exit 1\nfi\n# This output is used by Xcode 'outputs' to avoid re-running this script phase.\necho \"SUCCESS\" > \"${SCRIPT_OUTPUT_FILE_0}\"\n";
			showEnvVarsInLog = 0;
		};
		AFC104A62F3A92A473B32AFF /* [CP] Embed Pods Frameworks */ = {
			isa = PBXShellScriptBuildPhase;
			buildActionMask = 2147483647;
			files = (
			);
			inputFileListPaths = (
				"${PODS_ROOT}/Target Support Files/Pods-ExampleAPI/Pods-ExampleAPI-frameworks-${CONFIGURATION}-input-files.xcfilelist",
			);
			name = "[CP] Embed Pods Frameworks";
			outputFileListPaths = (
				"${PODS_ROOT}/Target Support Files/Pods-ExampleAPI/Pods-ExampleAPI-frameworks-${CONFIGURATION}-output-files.xcfilelist",
			);
			runOnlyForDeploymentPostprocessing = 0;
			shellPath = /bin/sh;
			shellScript = "\"${PODS_ROOT}/Target Support Files/Pods-ExampleAPI/Pods-ExampleAPI-frameworks.sh\"\n";
			showEnvVarsInLog = 0;
		};
		B416042F376EEA3C80860012 /* [CP] Check Pods Manifest.lock */ = {
			isa = PBXShellScriptBuildPhase;
			buildActionMask = 2147483647;
			files = (
			);
			inputFileListPaths = (
			);
			inputPaths = (
				"${PODS_PODFILE_DIR_PATH}/Podfile.lock",
				"${PODS_ROOT}/Manifest.lock",
			);
			name = "[CP] Check Pods Manifest.lock";
			outputFileListPaths = (
			);
			outputPaths = (
				"$(DERIVED_FILE_DIR)/Pods-ExampleAPI-checkManifestLockResult.txt",
			);
			runOnlyForDeploymentPostprocessing = 0;
			shellPath = /bin/sh;
			shellScript = "diff \"${PODS_PODFILE_DIR_PATH}/Podfile.lock\" \"${PODS_ROOT}/Manifest.lock\" > /dev/null\nif [ $? != 0 ] ; then\n    # print error to STDERR\n    echo \"error: The sandbox is not in sync with the Podfile.lock. Run 'pod install' or update your CocoaPods installation.\" >&2\n    exit 1\nfi\n# This output is used by Xcode 'outputs' to avoid re-running this script phase.\necho \"SUCCESS\" > \"${SCRIPT_OUTPUT_FILE_0}\"\n";
			showEnvVarsInLog = 0;
		};
/* End PBXShellScriptBuildPhase section */

/* Begin PBXSourcesBuildPhase section */
		9D78D54B2628973A00DACF44 /* Sources */ = {
			isa = PBXSourcesBuildPhase;
			buildActionMask = 2147483647;
			files = (
				9D78D5572628973A00DACF44 /* ViewController.swift in Sources */,
				9D78D55D2628973A00DACF44 /* ExampleAPI.xcdatamodeld in Sources */,
				9D78D5532628973A00DACF44 /* AppDelegate.swift in Sources */,
				9D78D5552628973A00DACF44 /* SceneDelegate.swift in Sources */,
				9D0CBA532628E5480016DA91 /* CoinTableViewCell.swift in Sources */,
			);
			runOnlyForDeploymentPostprocessing = 0;
		};
		9D78D5642628973E00DACF44 /* Sources */ = {
			isa = PBXSourcesBuildPhase;
			buildActionMask = 2147483647;
			files = (
				9D78D56D2628973E00DACF44 /* ExampleAPITests.swift in Sources */,
			);
			runOnlyForDeploymentPostprocessing = 0;
		};
		9D78D56F2628973E00DACF44 /* Sources */ = {
			isa = PBXSourcesBuildPhase;
			buildActionMask = 2147483647;
			files = (
				9D78D5782628973E00DACF44 /* ExampleAPIUITests.swift in Sources */,
			);
			runOnlyForDeploymentPostprocessing = 0;
		};
/* End PBXSourcesBuildPhase section */

/* Begin PBXTargetDependency section */
		9D78D56A2628973E00DACF44 /* PBXTargetDependency */ = {
			isa = PBXTargetDependency;
			target = 9D78D54E2628973A00DACF44 /* ExampleAPI */;
			targetProxy = 9D78D5692628973E00DACF44 /* PBXContainerItemProxy */;
		};
		9D78D5752628973E00DACF44 /* PBXTargetDependency */ = {
			isa = PBXTargetDependency;
			target = 9D78D54E2628973A00DACF44 /* ExampleAPI */;
			targetProxy = 9D78D5742628973E00DACF44 /* PBXContainerItemProxy */;
		};
/* End PBXTargetDependency section */

/* Begin PBXVariantGroup section */
		9D78D5582628973A00DACF44 /* Main.storyboard */ = {
			isa = PBXVariantGroup;
			children = (
				9D78D5592628973A00DACF44 /* Base */,
			);
			name = Main.storyboard;
			sourceTree = "<group>";
		};
		9D78D5602628973E00DACF44 /* LaunchScreen.storyboard */ = {
			isa = PBXVariantGroup;
			children = (
				9D78D5612628973E00DACF44 /* Base */,
			);
			name = LaunchScreen.storyboard;
			sourceTree = "<group>";
		};
/* End PBXVariantGroup section */

/* Begin XCBuildConfiguration section */
		9D78D57A2628973E00DACF44 /* Debug */ = {
			isa = XCBuildConfiguration;
			buildSettings = {
				ALWAYS_SEARCH_USER_PATHS = NO;
				CLANG_ANALYZER_NONNULL = YES;
				CLANG_ANALYZER_NUMBER_OBJECT_CONVERSION = YES_AGGRESSIVE;
				CLANG_CXX_LANGUAGE_STANDARD = "gnu++14";
				CLANG_CXX_LIBRARY = "libc++";
				CLANG_ENABLE_MODULES = YES;
				CLANG_ENABLE_OBJC_ARC = YES;
				CLANG_ENABLE_OBJC_WEAK = YES;
				CLANG_WARN_BLOCK_CAPTURE_AUTORELEASING = YES;
				CLANG_WARN_BOOL_CONVERSION = YES;
				CLANG_WARN_COMMA = YES;
				CLANG_WARN_CONSTANT_CONVERSION = YES;
				CLANG_WARN_DEPRECATED_OBJC_IMPLEMENTATIONS = YES;
				CLANG_WARN_DIRECT_OBJC_ISA_USAGE = YES_ERROR;
				CLANG_WARN_DOCUMENTATION_COMMENTS = YES;
				CLANG_WARN_EMPTY_BODY = YES;
				CLANG_WARN_ENUM_CONVERSION = YES;
				CLANG_WARN_INFINITE_RECURSION = YES;
				CLANG_WARN_INT_CONVERSION = YES;
				CLANG_WARN_NON_LITERAL_NULL_CONVERSION = YES;
				CLANG_WARN_OBJC_IMPLICIT_RETAIN_SELF = YES;
				CLANG_WARN_OBJC_LITERAL_CONVERSION = YES;
				CLANG_WARN_OBJC_ROOT_CLASS = YES_ERROR;
				CLANG_WARN_QUOTED_INCLUDE_IN_FRAMEWORK_HEADER = YES;
				CLANG_WARN_RANGE_LOOP_ANALYSIS = YES;
				CLANG_WARN_STRICT_PROTOTYPES = YES;
				CLANG_WARN_SUSPICIOUS_MOVE = YES;
				CLANG_WARN_UNGUARDED_AVAILABILITY = YES_AGGRESSIVE;
				CLANG_WARN_UNREACHABLE_CODE = YES;
				CLANG_WARN__DUPLICATE_METHOD_MATCH = YES;
				COPY_PHASE_STRIP = NO;
				DEBUG_INFORMATION_FORMAT = dwarf;
				ENABLE_STRICT_OBJC_MSGSEND = YES;
				ENABLE_TESTABILITY = YES;
				GCC_C_LANGUAGE_STANDARD = gnu11;
				GCC_DYNAMIC_NO_PIC = NO;
				GCC_NO_COMMON_BLOCKS = YES;
				GCC_OPTIMIZATION_LEVEL = 0;
				GCC_PREPROCESSOR_DEFINITIONS = (
					"DEBUG=1",
					"$(inherited)",
				);
				GCC_WARN_64_TO_32_BIT_CONVERSION = YES;
				GCC_WARN_ABOUT_RETURN_TYPE = YES_ERROR;
				GCC_WARN_UNDECLARED_SELECTOR = YES;
				GCC_WARN_UNINITIALIZED_AUTOS = YES_AGGRESSIVE;
				GCC_WARN_UNUSED_FUNCTION = YES;
				GCC_WARN_UNUSED_VARIABLE = YES;
				IPHONEOS_DEPLOYMENT_TARGET = 14.4;
				MTL_ENABLE_DEBUG_INFO = INCLUDE_SOURCE;
				MTL_FAST_MATH = YES;
				ONLY_ACTIVE_ARCH = YES;
				SDKROOT = iphoneos;
				SWIFT_ACTIVE_COMPILATION_CONDITIONS = DEBUG;
				SWIFT_OPTIMIZATION_LEVEL = "-Onone";
			};
			name = Debug;
		};
		9D78D57B2628973E00DACF44 /* Release */ = {
			isa = XCBuildConfiguration;
			buildSettings = {
				ALWAYS_SEARCH_USER_PATHS = NO;
				CLANG_ANALYZER_NONNULL = YES;
				CLANG_ANALYZER_NUMBER_OBJECT_CONVERSION = YES_AGGRESSIVE;
				CLANG_CXX_LANGUAGE_STANDARD = "gnu++14";
				CLANG_CXX_LIBRARY = "libc++";
				CLANG_ENABLE_MODULES = YES;
				CLANG_ENABLE_OBJC_ARC = YES;
				CLANG_ENABLE_OBJC_WEAK = YES;
				CLANG_WARN_BLOCK_CAPTURE_AUTORELEASING = YES;
				CLANG_WARN_BOOL_CONVERSION = YES;
				CLANG_WARN_COMMA = YES;
				CLANG_WARN_CONSTANT_CONVERSION = YES;
				CLANG_WARN_DEPRECATED_OBJC_IMPLEMENTATIONS = YES;
				CLANG_WARN_DIRECT_OBJC_ISA_USAGE = YES_ERROR;
				CLANG_WARN_DOCUMENTATION_COMMENTS = YES;
				CLANG_WARN_EMPTY_BODY = YES;
				CLANG_WARN_ENUM_CONVERSION = YES;
				CLANG_WARN_INFINITE_RECURSION = YES;
				CLANG_WARN_INT_CONVERSION = YES;
				CLANG_WARN_NON_LITERAL_NULL_CONVERSION = YES;
				CLANG_WARN_OBJC_IMPLICIT_RETAIN_SELF = YES;
				CLANG_WARN_OBJC_LITERAL_CONVERSION = YES;
				CLANG_WARN_OBJC_ROOT_CLASS = YES_ERROR;
				CLANG_WARN_QUOTED_INCLUDE_IN_FRAMEWORK_HEADER = YES;
				CLANG_WARN_RANGE_LOOP_ANALYSIS = YES;
				CLANG_WARN_STRICT_PROTOTYPES = YES;
				CLANG_WARN_SUSPICIOUS_MOVE = YES;
				CLANG_WARN_UNGUARDED_AVAILABILITY = YES_AGGRESSIVE;
				CLANG_WARN_UNREACHABLE_CODE = YES;
				CLANG_WARN__DUPLICATE_METHOD_MATCH = YES;
				COPY_PHASE_STRIP = NO;
				DEBUG_INFORMATION_FORMAT = "dwarf-with-dsym";
				ENABLE_NS_ASSERTIONS = NO;
				ENABLE_STRICT_OBJC_MSGSEND = YES;
				GCC_C_LANGUAGE_STANDARD = gnu11;
				GCC_NO_COMMON_BLOCKS = YES;
				GCC_WARN_64_TO_32_BIT_CONVERSION = YES;
				GCC_WARN_ABOUT_RETURN_TYPE = YES_ERROR;
				GCC_WARN_UNDECLARED_SELECTOR = YES;
				GCC_WARN_UNINITIALIZED_AUTOS = YES_AGGRESSIVE;
				GCC_WARN_UNUSED_FUNCTION = YES;
				GCC_WARN_UNUSED_VARIABLE = YES;
				IPHONEOS_DEPLOYMENT_TARGET = 14.4;
				MTL_ENABLE_DEBUG_INFO = NO;
				MTL_FAST_MATH = YES;
				SDKROOT = iphoneos;
				SWIFT_COMPILATION_MODE = wholemodule;
				SWIFT_OPTIMIZATION_LEVEL = "-O";
				VALIDATE_PRODUCT = YES;
			};
			name = Release;
		};
		9D78D57D2628973E00DACF44 /* Debug */ = {
			isa = XCBuildConfiguration;
			baseConfigurationReference = 6D75ED44EA2DD7322A0D13B0 /* Pods-ExampleAPI.debug.xcconfig */;
			buildSettings = {
				ASSETCATALOG_COMPILER_APPICON_NAME = AppIcon;
				ASSETCATALOG_COMPILER_GLOBAL_ACCENT_COLOR_NAME = AccentColor;
				CODE_SIGN_STYLE = Automatic;
				DEVELOPMENT_TEAM = AR7T5G5Z83;
				INFOPLIST_FILE = ExampleAPI/Info.plist;
				IPHONEOS_DEPLOYMENT_TARGET = 14.4;
				LD_RUNPATH_SEARCH_PATHS = (
					"$(inherited)",
					"@executable_path/Frameworks",
				);
				PRODUCT_BUNDLE_IDENTIFIER = com.lucaswkuipers.ExampleAPI;
				PRODUCT_NAME = "$(TARGET_NAME)";
				SWIFT_VERSION = 5.0;
				TARGETED_DEVICE_FAMILY = 1;
			};
			name = Debug;
		};
		9D78D57E2628973E00DACF44 /* Release */ = {
			isa = XCBuildConfiguration;
			baseConfigurationReference = 349826C29C8F97A89C31314E /* Pods-ExampleAPI.release.xcconfig */;
			buildSettings = {
				ASSETCATALOG_COMPILER_APPICON_NAME = AppIcon;
				ASSETCATALOG_COMPILER_GLOBAL_ACCENT_COLOR_NAME = AccentColor;
				CODE_SIGN_STYLE = Automatic;
				DEVELOPMENT_TEAM = AR7T5G5Z83;
				INFOPLIST_FILE = ExampleAPI/Info.plist;
				IPHONEOS_DEPLOYMENT_TARGET = 14.4;
				LD_RUNPATH_SEARCH_PATHS = (
					"$(inherited)",
					"@executable_path/Frameworks",
				);
				PRODUCT_BUNDLE_IDENTIFIER = com.lucaswkuipers.ExampleAPI;
				PRODUCT_NAME = "$(TARGET_NAME)";
				SWIFT_VERSION = 5.0;
				TARGETED_DEVICE_FAMILY = 1;
			};
			name = Release;
		};
		9D78D5802628973E00DACF44 /* Debug */ = {
			isa = XCBuildConfiguration;
			baseConfigurationReference = DB1BCD63D8A361692C44D156 /* Pods-ExampleAPITests.debug.xcconfig */;
			buildSettings = {
				ALWAYS_EMBED_SWIFT_STANDARD_LIBRARIES = YES;
				BUNDLE_LOADER = "$(TEST_HOST)";
				CODE_SIGN_STYLE = Automatic;
				DEVELOPMENT_TEAM = AR7T5G5Z83;
				INFOPLIST_FILE = ExampleAPITests/Info.plist;
				IPHONEOS_DEPLOYMENT_TARGET = 14.4;
				LD_RUNPATH_SEARCH_PATHS = (
					"$(inherited)",
					"@executable_path/Frameworks",
					"@loader_path/Frameworks",
				);
				PRODUCT_BUNDLE_IDENTIFIER = com.lucaswkuipers.ExampleAPITests;
				PRODUCT_NAME = "$(TARGET_NAME)";
				SWIFT_VERSION = 5.0;
				TARGETED_DEVICE_FAMILY = "1,2";
				TEST_HOST = "$(BUILT_PRODUCTS_DIR)/ExampleAPI.app/ExampleAPI";
			};
			name = Debug;
		};
		9D78D5812628973E00DACF44 /* Release */ = {
			isa = XCBuildConfiguration;
			baseConfigurationReference = 5F5F794C644741454CB5F056 /* Pods-ExampleAPITests.release.xcconfig */;
			buildSettings = {
				ALWAYS_EMBED_SWIFT_STANDARD_LIBRARIES = YES;
				BUNDLE_LOADER = "$(TEST_HOST)";
				CODE_SIGN_STYLE = Automatic;
				DEVELOPMENT_TEAM = AR7T5G5Z83;
				INFOPLIST_FILE = ExampleAPITests/Info.plist;
				IPHONEOS_DEPLOYMENT_TARGET = 14.4;
				LD_RUNPATH_SEARCH_PATHS = (
					"$(inherited)",
					"@executable_path/Frameworks",
					"@loader_path/Frameworks",
				);
				PRODUCT_BUNDLE_IDENTIFIER = com.lucaswkuipers.ExampleAPITests;
				PRODUCT_NAME = "$(TARGET_NAME)";
				SWIFT_VERSION = 5.0;
				TARGETED_DEVICE_FAMILY = "1,2";
				TEST_HOST = "$(BUILT_PRODUCTS_DIR)/ExampleAPI.app/ExampleAPI";
			};
			name = Release;
		};
		9D78D5832628973E00DACF44 /* Debug */ = {
			isa = XCBuildConfiguration;
			baseConfigurationReference = E4973D1AF839F50692D94356 /* Pods-ExampleAPI-ExampleAPIUITests.debug.xcconfig */;
			buildSettings = {
				ALWAYS_EMBED_SWIFT_STANDARD_LIBRARIES = YES;
				CODE_SIGN_STYLE = Automatic;
				DEVELOPMENT_TEAM = AR7T5G5Z83;
				INFOPLIST_FILE = ExampleAPIUITests/Info.plist;
				LD_RUNPATH_SEARCH_PATHS = (
					"$(inherited)",
					"@executable_path/Frameworks",
					"@loader_path/Frameworks",
				);
				PRODUCT_BUNDLE_IDENTIFIER = com.lucaswkuipers.ExampleAPIUITests;
				PRODUCT_NAME = "$(TARGET_NAME)";
				SWIFT_VERSION = 5.0;
				TARGETED_DEVICE_FAMILY = "1,2";
				TEST_TARGET_NAME = ExampleAPI;
			};
			name = Debug;
		};
		9D78D5842628973E00DACF44 /* Release */ = {
			isa = XCBuildConfiguration;
			baseConfigurationReference = 9691D3FC73ECCD1B924A8E1A /* Pods-ExampleAPI-ExampleAPIUITests.release.xcconfig */;
			buildSettings = {
				ALWAYS_EMBED_SWIFT_STANDARD_LIBRARIES = YES;
				CODE_SIGN_STYLE = Automatic;
				DEVELOPMENT_TEAM = AR7T5G5Z83;
				INFOPLIST_FILE = ExampleAPIUITests/Info.plist;
				LD_RUNPATH_SEARCH_PATHS = (
					"$(inherited)",
					"@executable_path/Frameworks",
					"@loader_path/Frameworks",
				);
				PRODUCT_BUNDLE_IDENTIFIER = com.lucaswkuipers.ExampleAPIUITests;
				PRODUCT_NAME = "$(TARGET_NAME)";
				SWIFT_VERSION = 5.0;
				TARGETED_DEVICE_FAMILY = "1,2";
				TEST_TARGET_NAME = ExampleAPI;
			};
			name = Release;
		};
/* End XCBuildConfiguration section */

/* Begin XCConfigurationList section */
		9D78D54A2628973A00DACF44 /* Build configuration list for PBXProject "ExampleAPI" */ = {
			isa = XCConfigurationList;
			buildConfigurations = (
				9D78D57A2628973E00DACF44 /* Debug */,
				9D78D57B2628973E00DACF44 /* Release */,
			);
			defaultConfigurationIsVisible = 0;
			defaultConfigurationName = Release;
		};
		9D78D57C2628973E00DACF44 /* Build configuration list for PBXNativeTarget "ExampleAPI" */ = {
			isa = XCConfigurationList;
			buildConfigurations = (
				9D78D57D2628973E00DACF44 /* Debug */,
				9D78D57E2628973E00DACF44 /* Release */,
			);
			defaultConfigurationIsVisible = 0;
			defaultConfigurationName = Release;
		};
		9D78D57F2628973E00DACF44 /* Build configuration list for PBXNativeTarget "ExampleAPITests" */ = {
			isa = XCConfigurationList;
			buildConfigurations = (
				9D78D5802628973E00DACF44 /* Debug */,
				9D78D5812628973E00DACF44 /* Release */,
			);
			defaultConfigurationIsVisible = 0;
			defaultConfigurationName = Release;
		};
		9D78D5822628973E00DACF44 /* Build configuration list for PBXNativeTarget "ExampleAPIUITests" */ = {
			isa = XCConfigurationList;
			buildConfigurations = (
				9D78D5832628973E00DACF44 /* Debug */,
				9D78D5842628973E00DACF44 /* Release */,
			);
			defaultConfigurationIsVisible = 0;
			defaultConfigurationName = Release;
		};
/* End XCConfigurationList section */

/* Begin XCVersionGroup section */
		9D78D55B2628973A00DACF44 /* ExampleAPI.xcdatamodeld */ = {
			isa = XCVersionGroup;
			children = (
				9D78D55C2628973A00DACF44 /* ExampleAPI.xcdatamodel */,
			);
			currentVersion = 9D78D55C2628973A00DACF44 /* ExampleAPI.xcdatamodel */;
			path = ExampleAPI.xcdatamodeld;
			sourceTree = "<group>";
			versionGroupType = wrapper.xcdatamodel;
		};
/* End XCVersionGroup section */
	};
	rootObject = 9D78D5472628973A00DACF44 /* Project object */;
}
